
Microsoft Visual Studio Solution File, Format Version 12.00
# Visual Studio Version 16
VisualStudioVersion = 16.0.29709.97
MinimumVisualStudioVersion = 10.0.40219.1
Project("{FAE04EC0-301F-11D3-BF4B-00C04F79EFBC}") = "stream-demo.console", "stream-demo.console\stream-demo.console.csproj", "{107FF303-4D2E-46C6-8C17-9E057AA61A49}"
EndProject
Global
	GlobalSection(SolutionConfigurationPlatforms) = preSolution
		Debug|Any CPU = Debug|Any CPU
		Release|Any CPU = Release|Any CPU
	EndGlobalSection
	GlobalSection(ProjectConfigurationPlatforms) = postSolution
		{107FF303-4D2E-46C6-8C17-9E057AA61A49}.Debug|Any CPU.ActiveCfg = Debug|Any CPU
		{107FF303-4D2E-46C6-8C17-9E057AA61A49}.Debug|Any CPU.Build.0 = Debug|Any CPU
		{107FF303-4D2E-46C6-8C17-9E057AA61A49}.Release|Any CPU.ActiveCfg = Release|Any CPU
		{107FF303-4D2E-46C6-8C17-9E057AA61A49}.Release|Any CPU.Build.0 = Release|Any CPU
	EndGlobalSection
	GlobalSection(SolutionProperties) = preSolution
		HideSolutionNode = FALSE
	EndGlobalSection
	GlobalSection(ExtensibilityGlobals) = postSolution
		SolutionGuid = {CD27266B-FEBD-4760-997F-BF04EA3E50A3}
	EndGlobalSection
EndGlobal
